
Microsoft Visual Studio Solution File, Format Version 12.00
# Visual Studio 15
VisualStudioVersion = 15.0.27703.2035
MinimumVisualStudioVersion = 10.0.40219.1
Project("{FAE04EC0-301F-11D3-BF4B-00C04F79EFBC}") = "MyMediaboxAssessment", "MyMediaboxAssessment\MyMediaboxAssessment.csproj", "{218264AE-D455-4E7E-8DAA-4A8378C8AB04}"
EndProject
Global
	GlobalSection(SolutionConfigurationPlatforms) = preSolution
		Debug|Any CPU = Debug|Any CPU
		Release|Any CPU = Release|Any CPU
	EndGlobalSection
	GlobalSection(ProjectConfigurationPlatforms) = postSolution
		{218264AE-D455-4E7E-8DAA-4A8378C8AB04}.Debug|Any CPU.ActiveCfg = Debug|Any CPU
		{218264AE-D455-4E7E-8DAA-4A8378C8AB04}.Debug|Any CPU.Build.0 = Debug|Any CPU
		{218264AE-D455-4E7E-8DAA-4A8378C8AB04}.Release|Any CPU.ActiveCfg = Release|Any CPU
		{218264AE-D455-4E7E-8DAA-4A8378C8AB04}.Release|Any CPU.Build.0 = Release|Any CPU
	EndGlobalSection
	GlobalSection(SolutionProperties) = preSolution
		HideSolutionNode = FALSE
	EndGlobalSection
	GlobalSection(ExtensibilityGlobals) = postSolution
		SolutionGuid = {CA756215-45A8-4924-93DA-693C5CB2D6BF}
	EndGlobalSection
EndGlobal
